
Microsoft Visual Studio Solution File, Format Version 12.00
# Visual Studio Version 16
VisualStudioVersion = 16.0.31911.196
MinimumVisualStudioVersion = 10.0.40219.1
Project("{FAE04EC0-301F-11D3-BF4B-00C04F79EFBC}") = "Game", "Game\Game.csproj", "{4093ED9E-F4D1-4F36-8E7B-D59FD2A4788F}"
EndProject
Global
	GlobalSection(SolutionConfigurationPlatforms) = preSolution
		Debug|Any CPU = Debug|Any CPU
		Release|Any CPU = Release|Any CPU
	EndGlobalSection
	GlobalSection(ProjectConfigurationPlatforms) = postSolution
		{4093ED9E-F4D1-4F36-8E7B-D59FD2A4788F}.Debug|Any CPU.ActiveCfg = Debug|Any CPU
		{4093ED9E-F4D1-4F36-8E7B-D59FD2A4788F}.Debug|Any CPU.Build.0 = Debug|Any CPU
		{4093ED9E-F4D1-4F36-8E7B-D59FD2A4788F}.Release|Any CPU.ActiveCfg = Release|Any CPU
		{4093ED9E-F4D1-4F36-8E7B-D59FD2A4788F}.Release|Any CPU.Build.0 = Release|Any CPU
	EndGlobalSection
	GlobalSection(SolutionProperties) = preSolution
		HideSolutionNode = FALSE
	EndGlobalSection
	GlobalSection(ExtensibilityGlobals) = postSolution
		SolutionGuid = {4D4F4022-57AC-4767-8B7E-2E0209DDA94F}
	EndGlobalSection
EndGlobal
